
Microsoft Visual Studio Solution File, Format Version 12.00
# Visual Studio 14
VisualStudioVersion = 14.0.25420.1
MinimumVisualStudioVersion = 10.0.40219.1
Project("{FAE04EC0-301F-11D3-BF4B-00C04F79EFBC}") = "EntityFrameworkDemo", "EntityFrameworkDemo\EntityFrameworkDemo.csproj", "{CAF6ADED-1AD6-461E-A9B9-32B34427ABA4}"
EndProject
Project("{2150E333-8FDC-42A3-9474-1A3956D46DE8}") = "Solution Items", "Solution Items", "{ADE24278-8A69-49D6-A918-DC6475E013A9}"
	ProjectSection(SolutionItems) = preProject
		InsertSQLQuery.txt = InsertSQLQuery.txt
	EndProjectSection
EndProject
Global
	GlobalSection(SolutionConfigurationPlatforms) = preSolution
		Debug|Any CPU = Debug|Any CPU
		Release|Any CPU = Release|Any CPU
	EndGlobalSection
	GlobalSection(ProjectConfigurationPlatforms) = postSolution
		{CAF6ADED-1AD6-461E-A9B9-32B34427ABA4}.Debug|Any CPU.ActiveCfg = Debug|Any CPU
		{CAF6ADED-1AD6-461E-A9B9-32B34427ABA4}.Debug|Any CPU.Build.0 = Debug|Any CPU
		{CAF6ADED-1AD6-461E-A9B9-32B34427ABA4}.Release|Any CPU.ActiveCfg = Release|Any CPU
		{CAF6ADED-1AD6-461E-A9B9-32B34427ABA4}.Release|Any CPU.Build.0 = Release|Any CPU
	EndGlobalSection
	GlobalSection(SolutionProperties) = preSolution
		HideSolutionNode = FALSE
	EndGlobalSection
EndGlobal
